
Microsoft Visual Studio Solution File, Format Version 12.00
# Visual Studio Version 17
VisualStudioVersion = 17.1.32210.238
MinimumVisualStudioVersion = 10.0.40219.1
Project("{FAE04EC0-301F-11D3-BF4B-00C04F79EFBC}") = "Uppgift1.2", "Uppgift1.2\Uppgift1.2.csproj", "{9227B140-230B-47C1-8AD0-5898864B73C5}"
EndProject
Global
	GlobalSection(SolutionConfigurationPlatforms) = preSolution
		Debug|Any CPU = Debug|Any CPU
		Release|Any CPU = Release|Any CPU
	EndGlobalSection
	GlobalSection(ProjectConfigurationPlatforms) = postSolution
		{9227B140-230B-47C1-8AD0-5898864B73C5}.Debug|Any CPU.ActiveCfg = Debug|Any CPU
		{9227B140-230B-47C1-8AD0-5898864B73C5}.Debug|Any CPU.Build.0 = Debug|Any CPU
		{9227B140-230B-47C1-8AD0-5898864B73C5}.Release|Any CPU.ActiveCfg = Release|Any CPU
		{9227B140-230B-47C1-8AD0-5898864B73C5}.Release|Any CPU.Build.0 = Release|Any CPU
	EndGlobalSection
	GlobalSection(SolutionProperties) = preSolution
		HideSolutionNode = FALSE
	EndGlobalSection
	GlobalSection(ExtensibilityGlobals) = postSolution
		SolutionGuid = {FF0E0C16-C4B1-4CA9-8E13-E15D240D774E}
	EndGlobalSection
EndGlobal
